PODS:
  - AFNetworking (3.1.0):
    - AFNetworking/NSURLSession (= 3.1.0)
    - AFNetworking/Reachability (= 3.1.0)
    - AFNetworking/Security (= 3.1.0)
    - AFNetworking/Serialization (= 3.1.0)
    - AFNetworking/UIKit (= 3.1.0)
  - AFNetworking/NSURLSession (3.1.0):
    - AFNetworking/Reachability
    - AFNetworking/Security
    - AFNetworking/Serialization
  - AFNetworking/Reachability (3.1.0)
  - AFNetworking/Security (3.1.0)
  - AFNetworking/Serialization (3.1.0)
  - AFNetworking/UIKit (3.1.0):
    - AFNetworking/NSURLSession
  - DACircularProgress (2.3.1)
  - GCDWebServer (3.3.3):
    - GCDWebServer/Core (= 3.3.3)
  - GCDWebServer/Core (3.3.3)
  - HTMLReader (2.0.5)
  - MBProgressHUD (0.9.2)
  - MWPhotoBrowser (2.1.2):
    - DACircularProgress (~> 2.3)
    - MBProgressHUD (~> 0.9)
    - SDWebImage (!= 3.7.2, ~> 3.7)
  - NullSafe (1.2.2)
  - OpenShare (0.0.1)
  - SDWebImage (3.8.2):
    - SDWebImage/Core (= 3.8.2)
  - SDWebImage/Core (3.8.2)
  - SocketRocket (0.5.1)
  - SVProgressHUD (2.1.2)
  - UMengAnalytics-NO-IDFA (4.2.5)
  - WeexSDK (0.11.0):
    - SocketRocket

DEPENDENCIES:
  - AFNetworking (~> 3.1.0)
  - GCDWebServer (~> 3.3.3)
  - HTMLReader (~> 2.0.5)
  - MWPhotoBrowser (~> 2.1.2)
  - NullSafe (~> 1.2.2)
  - OpenShare (~> 0.0.1)
  - SDWebImage (~> 3.8.2)
  - SVProgressHUD (~> 2.1.2)
  - UMengAnalytics-NO-IDFA
  - WeexSDK (~> 0.11.0)

SPEC CHECKSUMS:
  AFNetworking: 5e0e199f73d8626b11e79750991f5d173d1f8b67
  DACircularProgress: 4dd437c0fc3da5161cb289e07ac449493d41db71
  GCDWebServer: 1c39a1f0763e4eb492bee021e4270fce097d3555
  HTMLReader: 979c66cd2b23c67e0b45a4b3e0ab8ce933a3e71a
  MBProgressHUD: 1569cf7ace17a8bac47aabfbb8580a49690386d1
  MWPhotoBrowser: 5836d7aa041dc05a13de380c246826578adc5ea5
  NullSafe: cbf1f77a24558e49bc76e2673f31250d3087c792
  OpenShare: a560580dbb729d5c0c3cc1ee84cd6aa4a07e94c6
  SDWebImage: 098e97e6176540799c27e804c96653ee0833d13c
  SocketRocket: d57c7159b83c3c6655745cd15302aa24b6bae531
  SVProgressHUD: c404a55d78acbeb7ebb78b76d3faf986475a6994
  UMengAnalytics-NO-IDFA: 16666e32edce5be44ae5b14aaaa7f3582e09d6ab
  WeexSDK: f9cfe6adc91fba3ca5e36bc9808bf1b6e8be2106

PODFILE CHECKSUM: 7dd77949b1339f8840e7f0e4964f19378218c081

COCOAPODS: 1.1.1
